
Microsoft Visual Studio Solution File, Format Version 12.00
# Visual Studio Version 17
VisualStudioVersion = 17.0.31903.59
MinimumVisualStudioVersion = 10.0.40219.1
Project("{FAE04EC0-301F-11D3-BF4B-00C04F79EFBC}") = "WebApp", "WebApp\WebApp.csproj", "{12800EC5-A231-467D-895B-63608A0B3F07}"
EndProject
Project("{FAE04EC0-301F-11D3-BF4B-00C04F79EFBC}") = "Client", "Client\Client.csproj", "{65FB8A65-1142-4CF2-9612-3F75B8E53937}"
EndProject
Project("{FAE04EC0-301F-11D3-BF4B-00C04F79EFBC}") = "UnitTests", "UnitTests\UnitTests.csproj", "{95B109D3-5E9A-460A-96F3-0DE7EF347310}"
EndProject
Global
	GlobalSection(SolutionConfigurationPlatforms) = preSolution
		Debug|Any CPU = Debug|Any CPU
		Release|Any CPU = Release|Any CPU
	EndGlobalSection
	GlobalSection(SolutionProperties) = preSolution
		HideSolutionNode = FALSE
	EndGlobalSection
	GlobalSection(ProjectConfigurationPlatforms) = postSolution
		{12800EC5-A231-467D-895B-63608A0B3F07}.Debug|Any CPU.ActiveCfg = Debug|Any CPU
		{12800EC5-A231-467D-895B-63608A0B3F07}.Debug|Any CPU.Build.0 = Debug|Any CPU
		{12800EC5-A231-467D-895B-63608A0B3F07}.Release|Any CPU.ActiveCfg = Release|Any CPU
		{12800EC5-A231-467D-895B-63608A0B3F07}.Release|Any CPU.Build.0 = Release|Any CPU
		{65FB8A65-1142-4CF2-9612-3F75B8E53937}.Debug|Any CPU.ActiveCfg = Debug|Any CPU
		{65FB8A65-1142-4CF2-9612-3F75B8E53937}.Debug|Any CPU.Build.0 = Debug|Any CPU
		{65FB8A65-1142-4CF2-9612-3F75B8E53937}.Release|Any CPU.ActiveCfg = Release|Any CPU
		{65FB8A65-1142-4CF2-9612-3F75B8E53937}.Release|Any CPU.Build.0 = Release|Any CPU
		{95B109D3-5E9A-460A-96F3-0DE7EF347310}.Debug|Any CPU.ActiveCfg = Debug|Any CPU
		{95B109D3-5E9A-460A-96F3-0DE7EF347310}.Debug|Any CPU.Build.0 = Debug|Any CPU
		{95B109D3-5E9A-460A-96F3-0DE7EF347310}.Release|Any CPU.ActiveCfg = Release|Any CPU
		{95B109D3-5E9A-460A-96F3-0DE7EF347310}.Release|Any CPU.Build.0 = Release|Any CPU
	EndGlobalSection
EndGlobal
